// !$*UTF8*$!
{
	archiveVersion = 1;
	classes = {
	};
	objectVersion = 46;
	objects = {

/* Begin PBXBuildFile section */
		404655251CE1CC36003861A8 /* MusicVideoTVC.swift in Sources */ = {isa = PBXBuildFile; fileRef = 404655241CE1CC36003861A8 /* MusicVideoTVC.swift */; };
		405764891CBFF0A80086D758 /* Reachability.m in Sources */ = {isa = PBXBuildFile; fileRef = 405764871CBFF0A80086D758 /* Reachability.m */; };
		407A2EA81CAA9D630075D9C4 /* Constants.swift in Sources */ = {isa = PBXBuildFile; fileRef = 407A2EA71CAA9D620075D9C4 /* Constants.swift */; };
		407A2EAA1CAAA4CB0075D9C4 /* MusicVideo.swift in Sources */ = {isa = PBXBuildFile; fileRef = 407A2EA91CAAA4CB0075D9C4 /* MusicVideo.swift */; };
		408310591CE3931B00B07F2D /* MusicVideoDetailVC.swift in Sources */ = {isa = PBXBuildFile; fileRef = 408310581CE3931B00B07F2D /* MusicVideoDetailVC.swift */; };
		40C002C81CA8FF4C0051BCE2 /* APIManager.swift in Sources */ = {isa = PBXBuildFile; fileRef = 40C002C71CA8FF4C0051BCE2 /* APIManager.swift */; };
		40D64E5E1CA66C8C007813B0 /* AppDelegate.swift in Sources */ = {isa = PBXBuildFile; fileRef = 40D64E5D1CA66C8C007813B0 /* AppDelegate.swift */; };
		40D64E601CA66C8C007813B0 /* ViewController.swift in Sources */ = {isa = PBXBuildFile; fileRef = 40D64E5F1CA66C8C007813B0 /* ViewController.swift */; };
		40D64E631CA66C8C007813B0 /* Main.storyboard in Resources */ = {isa = PBXBuildFile; fileRef = 40D64E611CA66C8C007813B0 /* Main.storyboard */; };
		40D64E651CA66C8C007813B0 /* Assets.xcassets in Resources */ = {isa = PBXBuildFile; fileRef = 40D64E641CA66C8C007813B0 /* Assets.xcassets */; };
		40D64E681CA66C8C007813B0 /* LaunchScreen.storyboard in Resources */ = {isa = PBXBuildFile; fileRef = 40D64E661CA66C8C007813B0 /* LaunchScreen.storyboard */; };
		40D64E731CA66C8C007813B0 /* MusicVideoTests.swift in Sources */ = {isa = PBXBuildFile; fileRef = 40D64E721CA66C8C007813B0 /* MusicVideoTests.swift */; };
		40D64E7E1CA66C8C007813B0 /* MusicVideoUITests.swift in Sources */ = {isa = PBXBuildFile; fileRef = 40D64E7D1CA66C8C007813B0 /* MusicVideoUITests.swift */; };
		40EC11DB1CE4F7C000785EA3 /* SettingTVC.swift in Sources */ = {isa = PBXBuildFile; fileRef = 40EC11DA1CE4F7C000785EA3 /* SettingTVC.swift */; };
		40FCE0321CE328FC001724BE /* MusicVideoTableViewCell.swift in Sources */ = {isa = PBXBuildFile; fileRef = 40FCE0311CE328FC001724BE /* MusicVideoTableViewCell.swift */; };
/* End PBXBuildFile section */

/* Begin PBXContainerItemProxy section */
		40D64E6F1CA66C8C007813B0 /* PBXContainerItemProxy */ = {
			isa = PBXContainerItemProxy;
			containerPortal = 40D64E521CA66C8C007813B0 /* Project object */;
			proxyType = 1;
			remoteGlobalIDString = 40D64E591CA66C8C007813B0;
			remoteInfo = MusicVideo;
		};
		40D64E7A1CA66C8C007813B0 /* PBXContainerItemProxy */ = {
			isa = PBXContainerItemProxy;
			containerPortal = 40D64E521CA66C8C007813B0 /* Project object */;
			proxyType = 1;
			remoteGlobalIDString = 40D64E591CA66C8C007813B0;
			remoteInfo = MusicVideo;
		};
/* End PBXContainerItemProxy section */

/* Begin PBXFileReference section */
		404655241CE1CC36003861A8 /* MusicVideoTVC.swift */ = {isa = PBXFileReference; fileEncoding = 4; lastKnownFileType = sourcecode.swift; path = MusicVideoTVC.swift; sourceTree = "<group>"; };
		405764861CBFF0A70086D758 /* MusicVideo-Bridging-Header.h */ = {isa = PBXFileReference; lastKnownFileType = sourcecode.c.h; path = "MusicVideo-Bridging-Header.h"; sourceTree = "<group>"; };
		405764871CBFF0A80086D758 /* Reachability.m */ = {isa = PBXFileReference; fileEncoding = 4; lastKnownFileType = sourcecode.c.objc; path = Reachability.m; sourceTree = "<group>"; };
		405764881CBFF0A80086D758 /* Reachability.h */ = {isa = PBXFileReference; fileEncoding = 4; lastKnownFileType = sourcecode.c.h; path = Reachability.h; sourceTree = "<group>"; };
		407A2EA71CAA9D620075D9C4 /* Constants.swift */ = {isa = PBXFileReference; fileEncoding = 4; lastKnownFileType = sourcecode.swift; path = Constants.swift; sourceTree = "<group>"; };
		407A2EA91CAAA4CB0075D9C4 /* MusicVideo.swift */ = {isa = PBXFileReference; fileEncoding = 4; lastKnownFileType = sourcecode.swift; path = MusicVideo.swift; sourceTree = "<group>"; };
		408310581CE3931B00B07F2D /* MusicVideoDetailVC.swift */ = {isa = PBXFileReference; fileEncoding = 4; lastKnownFileType = sourcecode.swift; path = MusicVideoDetailVC.swift; sourceTree = "<group>"; };
		40C002C71CA8FF4C0051BCE2 /* APIManager.swift */ = {isa = PBXFileReference; fileEncoding = 4; lastKnownFileType = sourcecode.swift; path = APIManager.swift; sourceTree = "<group>"; };
		40D64E5A1CA66C8C007813B0 /* MusicVideo.app */ = {isa = PBXFileReference; explicitFileType = wrapper.application; includeInIndex = 0; path = MusicVideo.app; sourceTree = BUILT_PRODUCTS_DIR; };
		40D64E5D1CA66C8C007813B0 /* AppDelegate.swift */ = {isa = PBXFileReference; lastKnownFileType = sourcecode.swift; path = AppDelegate.swift; sourceTree = "<group>"; };
		40D64E5F1CA66C8C007813B0 /* ViewController.swift */ = {isa = PBXFileReference; lastKnownFileType = sourcecode.swift; path = ViewController.swift; sourceTree = "<group>"; };
		40D64E621CA66C8C007813B0 /* Base */ = {isa = PBXFileReference; lastKnownFileType = file.storyboard; name = Base; path = Base.lproj/Main.storyboard; sourceTree = "<group>"; };
		40D64E641CA66C8C007813B0 /* Assets.xcassets */ = {isa = PBXFileReference; lastKnownFileType = folder.assetcatalog; path = Assets.xcassets; sourceTree = "<group>"; };
		40D64E671CA66C8C007813B0 /* Base */ = {isa = PBXFileReference; lastKnownFileType = file.storyboard; name = Base; path = Base.lproj/LaunchScreen.storyboard; sourceTree = "<group>"; };
		40D64E691CA66C8C007813B0 /* Info.plist */ = {isa = PBXFileReference; lastKnownFileType = text.plist.xml; path = Info.plist; sourceTree = "<group>"; };
		40D64E6E1CA66C8C007813B0 /* MusicVideoTests.xctest */ = {isa = PBXFileReference; explicitFileType = wrapper.cfbundle; includeInIndex = 0; path = MusicVideoTests.xctest; sourceTree = BUILT_PRODUCTS_DIR; };
		40D64E721CA66C8C007813B0 /* MusicVideoTests.swift */ = {isa = PBXFileReference; lastKnownFileType = sourcecode.swift; path = MusicVideoTests.swift; sourceTree = "<group>"; };
		40D64E741CA66C8C007813B0 /* Info.plist */ = {isa = PBXFileReference; lastKnownFileType = text.plist.xml; path = Info.plist; sourceTree = "<group>"; };
		40D64E791CA66C8C007813B0 /* MusicVideoUITests.xctest */ = {isa = PBXFileReference; explicitFileType = wrapper.cfbundle; includeInIndex = 0; path = MusicVideoUITests.xctest; sourceTree = BUILT_PRODUCTS_DIR; };
		40D64E7D1CA66C8C007813B0 /* MusicVideoUITests.swift */ = {isa = PBXFileReference; lastKnownFileType = sourcecode.swift; path = MusicVideoUITests.swift; sourceTree = "<group>"; };
		40D64E7F1CA66C8C007813B0 /* Info.plist */ = {isa = PBXFileReference; lastKnownFileType = text.plist.xml; path = Info.plist; sourceTree = "<group>"; };
		40EC11DA1CE4F7C000785EA3 /* SettingTVC.swift */ = {isa = PBXFileReference; fileEncoding = 4; lastKnownFileType = sourcecode.swift; path = SettingTVC.swift; sourceTree = "<group>"; };
		40FCE0311CE328FC001724BE /* MusicVideoTableViewCell.swift */ = {isa = PBXFileReference; fileEncoding = 4; lastKnownFileType = sourcecode.swift; path = MusicVideoTableViewCell.swift; sourceTree = "<group>"; };
/* End PBXFileReference section */

/* Begin PBXFrameworksBuildPhase section */
		40D64E571CA66C8C007813B0 /* Frameworks */ = {
			isa = PBXFrameworksBuildPhase;
			buildActionMask = 2147483647;
			files = (
			);
			runOnlyForDeploymentPostprocessing = 0;
		};
		40D64E6B1CA66C8C007813B0 /* Frameworks */ = {
			isa = PBXFrameworksBuildPhase;
			buildActionMask = 2147483647;
			files = (
			);
			runOnlyForDeploymentPostprocessing = 0;
		};
		40D64E761CA66C8C007813B0 /* Frameworks */ = {
			isa = PBXFrameworksBuildPhase;
			buildActionMask = 2147483647;
			files = (
			);
			runOnlyForDeploymentPostprocessing = 0;
		};
/* End PBXFrameworksBuildPhase section */

/* Begin PBXGroup section */
		405764851CBFEF820086D758 /* Obj-c */ = {
			isa = PBXGroup;
			children = (
				405764881CBFF0A80086D758 /* Reachability.h */,
				405764871CBFF0A80086D758 /* Reachability.m */,
				405764861CBFF0A70086D758 /* MusicVideo-Bridging-Header.h */,
			);
			name = "Obj-c";
			sourceTree = "<group>";
		};
		407A2EA61CAA9D1F0075D9C4 /* Utills */ = {
			isa = PBXGroup;
			children = (
				407A2EA71CAA9D620075D9C4 /* Constants.swift */,
			);
			name = Utills;
			sourceTree = "<group>";
		};
		40814B551CA7A144006B3FDA /* Model */ = {
			isa = PBXGroup;
			children = (
				407A2EA91CAAA4CB0075D9C4 /* MusicVideo.swift */,
				40C002C71CA8FF4C0051BCE2 /* APIManager.swift */,
			);
			name = Model;
			sourceTree = "<group>";
		};
		40814B561CA7A18E006B3FDA /* Controler */ = {
			isa = PBXGroup;
			children = (
				40EC11DA1CE4F7C000785EA3 /* SettingTVC.swift */,
				408310581CE3931B00B07F2D /* MusicVideoDetailVC.swift */,
				404655241CE1CC36003861A8 /* MusicVideoTVC.swift */,
				40FCE0311CE328FC001724BE /* MusicVideoTableViewCell.swift */,
				40D64E5F1CA66C8C007813B0 /* ViewController.swift */,
			);
			name = Controler;
			sourceTree = "<group>";
		};
		40814B571CA7A1BA006B3FDA /* View */ = {
			isa = PBXGroup;
			children = (
				40D64E611CA66C8C007813B0 /* Main.storyboard */,
				40D64E661CA66C8C007813B0 /* LaunchScreen.storyboard */,
			);
			name = View;
			sourceTree = "<group>";
		};
		40814B581CA7A1FE006B3FDA /* Supporting files */ = {
			isa = PBXGroup;
			children = (
				40D64E641CA66C8C007813B0 /* Assets.xcassets */,
				40D64E5D1CA66C8C007813B0 /* AppDelegate.swift */,
				40D64E691CA66C8C007813B0 /* Info.plist */,
			);
			name = "Supporting files";
			sourceTree = "<group>";
		};
		40D64E511CA66C8C007813B0 = {
			isa = PBXGroup;
			children = (
				40D64E5C1CA66C8C007813B0 /* MusicVideo */,
				40D64E711CA66C8C007813B0 /* MusicVideoTests */,
				40D64E7C1CA66C8C007813B0 /* MusicVideoUITests */,
				40D64E5B1CA66C8C007813B0 /* Products */,
			);
			sourceTree = "<group>";
		};
		40D64E5B1CA66C8C007813B0 /* Products */ = {
			isa = PBXGroup;
			children = (
				40D64E5A1CA66C8C007813B0 /* MusicVideo.app */,
				40D64E6E1CA66C8C007813B0 /* MusicVideoTests.xctest */,
				40D64E791CA66C8C007813B0 /* MusicVideoUITests.xctest */,
			);
			name = Products;
			sourceTree = "<group>";
		};
		40D64E5C1CA66C8C007813B0 /* MusicVideo */ = {
			isa = PBXGroup;
			children = (
				405764851CBFEF820086D758 /* Obj-c */,
				407A2EA61CAA9D1F0075D9C4 /* Utills */,
				40814B581CA7A1FE006B3FDA /* Supporting files */,
				40814B551CA7A144006B3FDA /* Model */,
				40814B561CA7A18E006B3FDA /* Controler */,
				40814B571CA7A1BA006B3FDA /* View */,
			);
			path = MusicVideo;
			sourceTree = "<group>";
		};
		40D64E711CA66C8C007813B0 /* MusicVideoTests */ = {
			isa = PBXGroup;
			children = (
				40D64E721CA66C8C007813B0 /* MusicVideoTests.swift */,
				40D64E741CA66C8C007813B0 /* Info.plist */,
			);
			path = MusicVideoTests;
			sourceTree = "<group>";
		};
		40D64E7C1CA66C8C007813B0 /* MusicVideoUITests */ = {
			isa = PBXGroup;
			children = (
				40D64E7D1CA66C8C007813B0 /* MusicVideoUITests.swift */,
				40D64E7F1CA66C8C007813B0 /* Info.plist */,
			);
			path = MusicVideoUITests;
			sourceTree = "<group>";
		};
/* End PBXGroup section */

/* Begin PBXNativeTarget section */
		40D64E591CA66C8C007813B0 /* MusicVideo */ = {
			isa = PBXNativeTarget;
			buildConfigurationList = 40D64E821CA66C8C007813B0 /* Build configuration list for PBXNativeTarget "MusicVideo" */;
			buildPhases = (
				40D64E561CA66C8C007813B0 /* Sources */,
				40D64E571CA66C8C007813B0 /* Frameworks */,
				40D64E581CA66C8C007813B0 /* Resources */,
			);
			buildRules = (
			);
			dependencies = (
			);
			name = MusicVideo;
			productName = MusicVideo;
			productReference = 40D64E5A1CA66C8C007813B0 /* MusicVideo.app */;
			productType = "com.apple.product-type.application";
		};
		40D64E6D1CA66C8C007813B0 /* MusicVideoTests */ = {
			isa = PBXNativeTarget;
			buildConfigurationList = 40D64E851CA66C8C007813B0 /* Build configuration list for PBXNativeTarget "MusicVideoTests" */;
			buildPhases = (
				40D64E6A1CA66C8C007813B0 /* Sources */,
				40D64E6B1CA66C8C007813B0 /* Frameworks */,
				40D64E6C1CA66C8C007813B0 /* Resources */,
			);
			buildRules = (
			);
			dependencies = (
				40D64E701CA66C8C007813B0 /* PBXTargetDependency */,
			);
			name = MusicVideoTests;
			productName = MusicVideoTests;
			productReference = 40D64E6E1CA66C8C007813B0 /* MusicVideoTests.xctest */;
			productType = "com.apple.product-type.bundle.unit-test";
		};
		40D64E781CA66C8C007813B0 /* MusicVideoUITests */ = {
			isa = PBXNativeTarget;
			buildConfigurationList = 40D64E881CA66C8C007813B0 /* Build configuration list for PBXNativeTarget "MusicVideoUITests" */;
			buildPhases = (
				40D64E751CA66C8C007813B0 /* Sources */,
				40D64E761CA66C8C007813B0 /* Frameworks */,
				40D64E771CA66C8C007813B0 /* Resources */,
			);
			buildRules = (
			);
			dependencies = (
				40D64E7B1CA66C8C007813B0 /* PBXTargetDependency */,
			);
			name = MusicVideoUITests;
			productName = MusicVideoUITests;
			productReference = 40D64E791CA66C8C007813B0 /* MusicVideoUITests.xctest */;
			productType = "com.apple.product-type.bundle.ui-testing";
		};
/* End PBXNativeTarget section */

/* Begin PBXProject section */
		40D64E521CA66C8C007813B0 /* Project object */ = {
			isa = PBXProject;
			attributes = {
				LastSwiftUpdateCheck = 0730;
				LastUpgradeCheck = 0730;
				ORGANIZATIONNAME = "Samuel Eskenasy";
				TargetAttributes = {
					40D64E591CA66C8C007813B0 = {
						CreatedOnToolsVersion = 7.3;
					};
					40D64E6D1CA66C8C007813B0 = {
						CreatedOnToolsVersion = 7.3;
						TestTargetID = 40D64E591CA66C8C007813B0;
					};
					40D64E781CA66C8C007813B0 = {
						CreatedOnToolsVersion = 7.3;
						TestTargetID = 40D64E591CA66C8C007813B0;
					};
				};
			};
			buildConfigurationList = 40D64E551CA66C8C007813B0 /* Build configuration list for PBXProject "MusicVideo" */;
			compatibilityVersion = "Xcode 3.2";
			developmentRegion = English;
			hasScannedForEncodings = 0;
			knownRegions = (
				en,
				Base,
			);
			mainGroup = 40D64E511CA66C8C007813B0;
			productRefGroup = 40D64E5B1CA66C8C007813B0 /* Products */;
			projectDirPath = "";
			projectRoot = "";
			targets = (
				40D64E591CA66C8C007813B0 /* MusicVideo */,
				40D64E6D1CA66C8C007813B0 /* MusicVideoTests */,
				40D64E781CA66C8C007813B0 /* MusicVideoUITests */,
			);
		};
/* End PBXProject section */

/* Begin PBXResourcesBuildPhase section */
		40D64E581CA66C8C007813B0 /* Resources */ = {
			isa = PBXResourcesBuildPhase;
			buildActionMask = 2147483647;
			files = (
				40D64E681CA66C8C007813B0 /* LaunchScreen.storyboard in Resources */,
				40D64E651CA66C8C007813B0 /* Assets.xcassets in Resources */,
				40D64E631CA66C8C007813B0 /* Main.storyboard in Resources */,
			);
			runOnlyForDeploymentPostprocessing = 0;
		};
		40D64E6C1CA66C8C007813B0 /* Resources */ = {
			isa = PBXResourcesBuildPhase;
			buildActionMask = 2147483647;
			files = (
			);
			runOnlyForDeploymentPostprocessing = 0;
		};
		40D64E771CA66C8C007813B0 /* Resources */ = {
			isa = PBXResourcesBuildPhase;
			buildActionMask = 2147483647;
			files = (
			);
			runOnlyForDeploymentPostprocessing = 0;
		};
/* End PBXResourcesBuildPhase section */

/* Begin PBXSourcesBuildPhase section */
		40D64E561CA66C8C007813B0 /* Sources */ = {
			isa = PBXSourcesBuildPhase;
			buildActionMask = 2147483647;
			files = (
				40C002C81CA8FF4C0051BCE2 /* APIManager.swift in Sources */,
				408310591CE3931B00B07F2D /* MusicVideoDetailVC.swift in Sources */,
				40D64E601CA66C8C007813B0 /* ViewController.swift in Sources */,
				407A2EAA1CAAA4CB0075D9C4 /* MusicVideo.swift in Sources */,
				40FCE0321CE328FC001724BE /* MusicVideoTableViewCell.swift in Sources */,
				40D64E5E1CA66C8C007813B0 /* AppDelegate.swift in Sources */,
				40EC11DB1CE4F7C000785EA3 /* SettingTVC.swift in Sources */,
				405764891CBFF0A80086D758 /* Reachability.m in Sources */,
				407A2EA81CAA9D630075D9C4 /* Constants.swift in Sources */,
				404655251CE1CC36003861A8 /* MusicVideoTVC.swift in Sources */,
			);
			runOnlyForDeploymentPostprocessing = 0;
		};
		40D64E6A1CA66C8C007813B0 /* Sources */ = {
			isa = PBXSourcesBuildPhase;
			buildActionMask = 2147483647;
			files = (
				40D64E731CA66C8C007813B0 /* MusicVideoTests.swift in Sources */,
			);
			runOnlyForDeploymentPostprocessing = 0;
		};
		40D64E751CA66C8C007813B0 /* Sources */ = {
			isa = PBXSourcesBuildPhase;
			buildActionMask = 2147483647;
			files = (
				40D64E7E1CA66C8C007813B0 /* MusicVideoUITests.swift in Sources */,
			);
			runOnlyForDeploymentPostprocessing = 0;
		};
/* End PBXSourcesBuildPhase section */

/* Begin PBXTargetDependency section */
		40D64E701CA66C8C007813B0 /* PBXTargetDependency */ = {
			isa = PBXTargetDependency;
			target = 40D64E591CA66C8C007813B0 /* MusicVideo */;
			targetProxy = 40D64E6F1CA66C8C007813B0 /* PBXContainerItemProxy */;
		};
		40D64E7B1CA66C8C007813B0 /* PBXTargetDependency */ = {
			isa = PBXTargetDependency;
			target = 40D64E591CA66C8C007813B0 /* MusicVideo */;
			targetProxy = 40D64E7A1CA66C8C007813B0 /* PBXContainerItemProxy */;
		};
/* End PBXTargetDependency section */

/* Begin PBXVariantGroup section */
		40D64E611CA66C8C007813B0 /* Main.storyboard */ = {
			isa = PBXVariantGroup;
			children = (
				40D64E621CA66C8C007813B0 /* Base */,
			);
			name = Main.storyboard;
			sourceTree = "<group>";
		};
		40D64E661CA66C8C007813B0 /* LaunchScreen.storyboard */ = {
			isa = PBXVariantGroup;
			children = (
				40D64E671CA66C8C007813B0 /* Base */,
			);
			name = LaunchScreen.storyboard;
			sourceTree = "<group>";
		};
/* End PBXVariantGroup section */

/* Begin XCBuildConfiguration section */
		40D64E801CA66C8C007813B0 /* Debug */ = {
			isa = XCBuildConfiguration;
			buildSettings = {
				ALWAYS_SEARCH_USER_PATHS = NO;
				CLANG_ANALYZER_NONNULL = YES;
				CLANG_CXX_LANGUAGE_STANDARD = "gnu++0x";
				CLANG_CXX_LIBRARY = "libc++";
				CLANG_ENABLE_MODULES = YES;
				CLANG_ENABLE_OBJC_ARC = YES;
				CLANG_WARN_BOOL_CONVERSION = YES;
				CLANG_WARN_CONSTANT_CONVERSION = YES;
				CLANG_WARN_DIRECT_OBJC_ISA_USAGE = YES_ERROR;
				CLANG_WARN_EMPTY_BODY = YES;
				CLANG_WARN_ENUM_CONVERSION = YES;
				CLANG_WARN_INT_CONVERSION = YES;
				CLANG_WARN_OBJC_ROOT_CLASS = YES_ERROR;
				CLANG_WARN_UNREACHABLE_CODE = YES;
				CLANG_WARN__DUPLICATE_METHOD_MATCH = YES;
				"CODE_SIGN_IDENTITY[sdk=iphoneos*]" = "iPhone Developer";
				COPY_PHASE_STRIP = NO;
				DEBUG_INFORMATION_FORMAT = dwarf;
				ENABLE_STRICT_OBJC_MSGSEND = YES;
				ENABLE_TESTABILITY = YES;
				GCC_C_LANGUAGE_STANDARD = gnu99;
				GCC_DYNAMIC_NO_PIC = NO;
				GCC_NO_COMMON_BLOCKS = YES;
				GCC_OPTIMIZATION_LEVEL = 0;
				GCC_PREPROCESSOR_DEFINITIONS = (
					"DEBUG=1",
					"$(inherited)",
				);
				GCC_WARN_64_TO_32_BIT_CONVERSION = YES;
				GCC_WARN_ABOUT_RETURN_TYPE = YES_ERROR;
				GCC_WARN_UNDECLARED_SELECTOR = YES;
				GCC_WARN_UNINITIALIZED_AUTOS = YES_AGGRESSIVE;
				GCC_WARN_UNUSED_FUNCTION = YES;
				GCC_WARN_UNUSED_VARIABLE = YES;
				IPHONEOS_DEPLOYMENT_TARGET = 9.3;
				MTL_ENABLE_DEBUG_INFO = YES;
				ONLY_ACTIVE_ARCH = YES;
				SDKROOT = iphoneos;
				SWIFT_OPTIMIZATION_LEVEL = "-Onone";
				TARGETED_DEVICE_FAMILY = "1,2";
			};
			name = Debug;
		};
		40D64E811CA66C8C007813B0 /* Release */ = {
			isa = XCBuildConfiguration;
			buildSettings = {
				ALWAYS_SEARCH_USER_PATHS = NO;
				CLANG_ANALYZER_NONNULL = YES;
				CLANG_CXX_LANGUAGE_STANDARD = "gnu++0x";
				CLANG_CXX_LIBRARY = "libc++";
				CLANG_ENABLE_MODULES = YES;
				CLANG_ENABLE_OBJC_ARC = YES;
				CLANG_WARN_BOOL_CONVERSION = YES;
				CLANG_WARN_CONSTANT_CONVERSION = YES;
				CLANG_WARN_DIRECT_OBJC_ISA_USAGE = YES_ERROR;
				CLANG_WARN_EMPTY_BODY = YES;
				CLANG_WARN_ENUM_CONVERSION = YES;
				CLANG_WARN_INT_CONVERSION = YES;
				CLANG_WARN_OBJC_ROOT_CLASS = YES_ERROR;
				CLANG_WARN_UNREACHABLE_CODE = YES;
				CLANG_WARN__DUPLICATE_METHOD_MATCH = YES;
				"CODE_SIGN_IDENTITY[sdk=iphoneos*]" = "iPhone Developer";
				COPY_PHASE_STRIP = NO;
				DEBUG_INFORMATION_FORMAT = "dwarf-with-dsym";
				ENABLE_NS_ASSERTIONS = NO;
				ENABLE_STRICT_OBJC_MSGSEND = YES;
				GCC_C_LANGUAGE_STANDARD = gnu99;
				GCC_NO_COMMON_BLOCKS = YES;
				GCC_WARN_64_TO_32_BIT_CONVERSION = YES;
				GCC_WARN_ABOUT_RETURN_TYPE = YES_ERROR;
				GCC_WARN_UNDECLARED_SELECTOR = YES;
				GCC_WARN_UNINITIALIZED_AUTOS = YES_AGGRESSIVE;
				GCC_WARN_UNUSED_FUNCTION = YES;
				GCC_WARN_UNUSED_VARIABLE = YES;
				IPHONEOS_DEPLOYMENT_TARGET = 9.3;
				MTL_ENABLE_DEBUG_INFO = NO;
				SDKROOT = iphoneos;
				TARGETED_DEVICE_FAMILY = "1,2";
				VALIDATE_PRODUCT = YES;
			};
			name = Release;
		};
		40D64E831CA66C8C007813B0 /* Debug */ = {
			isa = XCBuildConfiguration;
			buildSettings = {
				ASSETCATALOG_COMPILER_APPICON_NAME = AppIcon;
				CLANG_ENABLE_MODULES = YES;
				INFOPLIST_FILE = MusicVideo/Info.plist;
				LD_RUNPATH_SEARCH_PATHS = "$(inherited) @executable_path/Frameworks";
				PRODUCT_BUNDLE_IDENTIFIER = samueleskenasy.MusicVideo;
				PRODUCT_NAME = "$(TARGET_NAME)";
				SWIFT_OBJC_BRIDGING_HEADER = "MusicVideo/MusicVideo-Bridging-Header.h";
				SWIFT_OPTIMIZATION_LEVEL = "-Onone";
			};
			name = Debug;
		};
		40D64E841CA66C8C007813B0 /* Release */ = {
			isa = XCBuildConfiguration;
			buildSettings = {
				ASSETCATALOG_COMPILER_APPICON_NAME = AppIcon;
				CLANG_ENABLE_MODULES = YES;
				INFOPLIST_FILE = MusicVideo/Info.plist;
				LD_RUNPATH_SEARCH_PATHS = "$(inherited) @executable_path/Frameworks";
				PRODUCT_BUNDLE_IDENTIFIER = samueleskenasy.MusicVideo;
				PRODUCT_NAME = "$(TARGET_NAME)";
				SWIFT_OBJC_BRIDGING_HEADER = "MusicVideo/MusicVideo-Bridging-Header.h";
			};
			name = Release;
		};
		40D64E861CA66C8C007813B0 /* Debug */ = {
			isa = XCBuildConfiguration;
			buildSettings = {
				BUNDLE_LOADER = "$(TEST_HOST)";
				INFOPLIST_FILE = MusicVideoTests/Info.plist;
				LD_RUNPATH_SEARCH_PATHS = "$(inherited) @executable_path/Frameworks @loader_path/Frameworks";
				PRODUCT_BUNDLE_IDENTIFIER = samueleskenasy.MusicVideoTests;
				PRODUCT_NAME = "$(TARGET_NAME)";
				TEST_HOST = "$(BUILT_PRODUCTS_DIR)/MusicVideo.app/MusicVideo";
			};
			name = Debug;
		};
		40D64E871CA66C8C007813B0 /* Release */ = {
			isa = XCBuildConfiguration;
			buildSettings = {
				BUNDLE_LOADER = "$(TEST_HOST)";
				INFOPLIST_FILE = MusicVideoTests/Info.plist;
				LD_RUNPATH_SEARCH_PATHS = "$(inherited) @executable_path/Frameworks @loader_path/Frameworks";
				PRODUCT_BUNDLE_IDENTIFIER = samueleskenasy.MusicVideoTests;
				PRODUCT_NAME = "$(TARGET_NAME)";
				TEST_HOST = "$(BUILT_PRODUCTS_DIR)/MusicVideo.app/MusicVideo";
			};
			name = Release;
		};
		40D64E891CA66C8C007813B0 /* Debug */ = {
			isa = XCBuildConfiguration;
			buildSettings = {
				INFOPLIST_FILE = MusicVideoUITests/Info.plist;
				LD_RUNPATH_SEARCH_PATHS = "$(inherited) @executable_path/Frameworks @loader_path/Frameworks";
				PRODUCT_BUNDLE_IDENTIFIER = samueleskenasy.MusicVideoUITests;
				PRODUCT_NAME = "$(TARGET_NAME)";
				TEST_TARGET_NAME = MusicVideo;
			};
			name = Debug;
		};
		40D64E8A1CA66C8C007813B0 /* Release */ = {
			isa = XCBuildConfiguration;
			buildSettings = {
				INFOPLIST_FILE = MusicVideoUITests/Info.plist;
				LD_RUNPATH_SEARCH_PATHS = "$(inherited) @executable_path/Frameworks @loader_path/Frameworks";
				PRODUCT_BUNDLE_IDENTIFIER = samueleskenasy.MusicVideoUITests;
				PRODUCT_NAME = "$(TARGET_NAME)";
				TEST_TARGET_NAME = MusicVideo;
			};
			name = Release;
		};
/* End XCBuildConfiguration section */

/* Begin XCConfigurationList section */
		40D64E551CA66C8C007813B0 /* Build configuration list for PBXProject "MusicVideo" */ = {
			isa = XCConfigurationList;
			buildConfigurations = (
				40D64E801CA66C8C007813B0 /* Debug */,
				40D64E811CA66C8C007813B0 /* Release */,
			);
			defaultConfigurationIsVisible = 0;
			defaultConfigurationName = Release;
		};
		40D64E821CA66C8C007813B0 /* Build configuration list for PBXNativeTarget "MusicVideo" */ = {
			isa = XCConfigurationList;
			buildConfigurations = (
				40D64E831CA66C8C007813B0 /* Debug */,
				40D64E841CA66C8C007813B0 /* Release */,
			);
			defaultConfigurationIsVisible = 0;
			defaultConfigurationName = Release;
		};
		40D64E851CA66C8C007813B0 /* Build configuration list for PBXNativeTarget "MusicVideoTests" */ = {
			isa = XCConfigurationList;
			buildConfigurations = (
				40D64E861CA66C8C007813B0 /* Debug */,
				40D64E871CA66C8C007813B0 /* Release */,
			);
			defaultConfigurationIsVisible = 0;
			defaultConfigurationName = Release;
		};
		40D64E881CA66C8C007813B0 /* Build configuration list for PBXNativeTarget "MusicVideoUITests" */ = {
			isa = XCConfigurationList;
			buildConfigurations = (
				40D64E891CA66C8C007813B0 /* Debug */,
				40D64E8A1CA66C8C007813B0 /* Release */,
			);
			defaultConfigurationIsVisible = 0;
			defaultConfigurationName = Release;
		};
/* End XCConfigurationList section */
	};
	rootObject = 40D64E521CA66C8C007813B0 /* Project object */;
}
